
Microsoft Visual Studio Solution File, Format Version 12.00
# Visual Studio Version 16
VisualStudioVersion = 16.0.29201.188
MinimumVisualStudioVersion = 10.0.40219.1
Project("{FAE04EC0-301F-11D3-BF4B-00C04F79EFBC}") = "Lists", "ArrayList\Lists.csproj", "{73A0DC10-12F8-4699-B0C8-74D8F3339D74}"
EndProject
Project("{FAE04EC0-301F-11D3-BF4B-00C04F79EFBC}") = "ArrayListTest", "ArrayListTest\ArrayListTest.csproj", "{C76AA410-1C8C-4E6F-B10D-BCEA8C3E27DC}"
EndProject
Global
	GlobalSection(SolutionConfigurationPlatforms) = preSolution
		Debug|Any CPU = Debug|Any CPU
		Release|Any CPU = Release|Any CPU
	EndGlobalSection
	GlobalSection(ProjectConfigurationPlatforms) = postSolution
		{73A0DC10-12F8-4699-B0C8-74D8F3339D74}.Debug|Any CPU.ActiveCfg = Debug|Any CPU
		{73A0DC10-12F8-4699-B0C8-74D8F3339D74}.Debug|Any CPU.Build.0 = Debug|Any CPU
		{73A0DC10-12F8-4699-B0C8-74D8F3339D74}.Release|Any CPU.ActiveCfg = Release|Any CPU
		{73A0DC10-12F8-4699-B0C8-74D8F3339D74}.Release|Any CPU.Build.0 = Release|Any CPU
		{C76AA410-1C8C-4E6F-B10D-BCEA8C3E27DC}.Debug|Any CPU.ActiveCfg = Debug|Any CPU
		{C76AA410-1C8C-4E6F-B10D-BCEA8C3E27DC}.Debug|Any CPU.Build.0 = Debug|Any CPU
		{C76AA410-1C8C-4E6F-B10D-BCEA8C3E27DC}.Release|Any CPU.ActiveCfg = Release|Any CPU
		{C76AA410-1C8C-4E6F-B10D-BCEA8C3E27DC}.Release|Any CPU.Build.0 = Release|Any CPU
	EndGlobalSection
	GlobalSection(SolutionProperties) = preSolution
		HideSolutionNode = FALSE
	EndGlobalSection
	GlobalSection(ExtensibilityGlobals) = postSolution
		SolutionGuid = {AB900CD3-9674-4DDA-8ACC-EA25DE5637E3}
	EndGlobalSection
EndGlobal
